
Microsoft Visual Studio Solution File, Format Version 12.00
# Visual Studio Version 16
VisualStudioVersion = 16.0.31515.178
MinimumVisualStudioVersion = 10.0.40219.1
Project("{9A19103F-16F7-4668-BE54-9A1E7A4F7556}") = "Concurrency", "Concurrency\Concurrency.csproj", "{1E62D39A-546C-4D30-A3DE-27430C3EDEDB}"
EndProject
Project("{9A19103F-16F7-4668-BE54-9A1E7A4F7556}") = "ConcurrencyWithWPF", "ConcurrencyWithWPF\ConcurrencyWithWPF.csproj", "{1B475375-ED19-4E4F-9E1E-65A812B125CA}"
EndProject
Global
	GlobalSection(SolutionConfigurationPlatforms) = preSolution
		Debug|Any CPU = Debug|Any CPU
		Release|Any CPU = Release|Any CPU
	EndGlobalSection
	GlobalSection(ProjectConfigurationPlatforms) = postSolution
		{1E62D39A-546C-4D30-A3DE-27430C3EDEDB}.Debug|Any CPU.ActiveCfg = Debug|Any CPU
		{1E62D39A-546C-4D30-A3DE-27430C3EDEDB}.Debug|Any CPU.Build.0 = Debug|Any CPU
		{1E62D39A-546C-4D30-A3DE-27430C3EDEDB}.Release|Any CPU.ActiveCfg = Release|Any CPU
		{1E62D39A-546C-4D30-A3DE-27430C3EDEDB}.Release|Any CPU.Build.0 = Release|Any CPU
		{1B475375-ED19-4E4F-9E1E-65A812B125CA}.Debug|Any CPU.ActiveCfg = Debug|Any CPU
		{1B475375-ED19-4E4F-9E1E-65A812B125CA}.Debug|Any CPU.Build.0 = Debug|Any CPU
		{1B475375-ED19-4E4F-9E1E-65A812B125CA}.Release|Any CPU.ActiveCfg = Release|Any CPU
		{1B475375-ED19-4E4F-9E1E-65A812B125CA}.Release|Any CPU.Build.0 = Release|Any CPU
	EndGlobalSection
	GlobalSection(SolutionProperties) = preSolution
		HideSolutionNode = FALSE
	EndGlobalSection
	GlobalSection(ExtensibilityGlobals) = postSolution
		SolutionGuid = {F98EAA76-8D34-4785-A39F-E54D8632AFB4}
	EndGlobalSection
EndGlobal
